
Microsoft Visual Studio Solution File, Format Version 12.00
# Visual Studio 15
VisualStudioVersion = 15.0.28010.2016
MinimumVisualStudioVersion = 10.0.40219.1
Project("{8BC9CEB8-8B4A-11D0-8D11-00A0C91BC942}") = "2018_9_26_11_15_test1", "2018_9_26_11_15_test1\2018_9_26_11_15_test1.vcxproj", "{7A07DC88-6444-4FCA-AFB8-8FF9C1D2E09A}"
EndProject
Global
	GlobalSection(SolutionConfigurationPlatforms) = preSolution
		Debug|x64 = Debug|x64
		Debug|x86 = Debug|x86
		Release|x64 = Release|x64
		Release|x86 = Release|x86
	EndGlobalSection
	GlobalSection(ProjectConfigurationPlatforms) = postSolution
		{7A07DC88-6444-4FCA-AFB8-8FF9C1D2E09A}.Debug|x64.ActiveCfg = Debug|x64
		{7A07DC88-6444-4FCA-AFB8-8FF9C1D2E09A}.Debug|x64.Build.0 = Debug|x64
		{7A07DC88-6444-4FCA-AFB8-8FF9C1D2E09A}.Debug|x86.ActiveCfg = Debug|Win32
		{7A07DC88-6444-4FCA-AFB8-8FF9C1D2E09A}.Debug|x86.Build.0 = Debug|Win32
		{7A07DC88-6444-4FCA-AFB8-8FF9C1D2E09A}.Release|x64.ActiveCfg = Release|x64
		{7A07DC88-6444-4FCA-AFB8-8FF9C1D2E09A}.Release|x64.Build.0 = Release|x64
		{7A07DC88-6444-4FCA-AFB8-8FF9C1D2E09A}.Release|x86.ActiveCfg = Release|Win32
		{7A07DC88-6444-4FCA-AFB8-8FF9C1D2E09A}.Release|x86.Build.0 = Release|Win32
	EndGlobalSection
	GlobalSection(SolutionProperties) = preSolution
		HideSolutionNode = FALSE
	EndGlobalSection
	GlobalSection(ExtensibilityGlobals) = postSolution
		SolutionGuid = {312A5C66-81B5-437D-8277-CE99D7D255A3}
	EndGlobalSection
EndGlobal
